
Microsoft Visual Studio Solution File, Format Version 12.00
# Visual Studio Version 16
VisualStudioVersion = 16.0.31112.23
MinimumVisualStudioVersion = 10.0.40219.1
Project("{FAE04EC0-301F-11D3-BF4B-00C04F79EFBC}") = "Data", "Data\Data.csproj", "{EAA3C9D6-AE87-48D3-A094-489DD12AF2DB}"
EndProject
Project("{FAE04EC0-301F-11D3-BF4B-00C04F79EFBC}") = "Web", "Web\Web.csproj", "{C0215A1F-3884-4A83-B7B7-9E0DED2A21C3}"
EndProject
Global
	GlobalSection(SolutionConfigurationPlatforms) = preSolution
		Debug|Any CPU = Debug|Any CPU
		Release|Any CPU = Release|Any CPU
	EndGlobalSection
	GlobalSection(ProjectConfigurationPlatforms) = postSolution
		{EAA3C9D6-AE87-48D3-A094-489DD12AF2DB}.Debug|Any CPU.ActiveCfg = Debug|Any CPU
		{EAA3C9D6-AE87-48D3-A094-489DD12AF2DB}.Debug|Any CPU.Build.0 = Debug|Any CPU
		{EAA3C9D6-AE87-48D3-A094-489DD12AF2DB}.Release|Any CPU.ActiveCfg = Release|Any CPU
		{EAA3C9D6-AE87-48D3-A094-489DD12AF2DB}.Release|Any CPU.Build.0 = Release|Any CPU
		{C0215A1F-3884-4A83-B7B7-9E0DED2A21C3}.Debug|Any CPU.ActiveCfg = Debug|Any CPU
		{C0215A1F-3884-4A83-B7B7-9E0DED2A21C3}.Debug|Any CPU.Build.0 = Debug|Any CPU
		{C0215A1F-3884-4A83-B7B7-9E0DED2A21C3}.Release|Any CPU.ActiveCfg = Release|Any CPU
		{C0215A1F-3884-4A83-B7B7-9E0DED2A21C3}.Release|Any CPU.Build.0 = Release|Any CPU
	EndGlobalSection
	GlobalSection(SolutionProperties) = preSolution
		HideSolutionNode = FALSE
	EndGlobalSection
	GlobalSection(ExtensibilityGlobals) = postSolution
		SolutionGuid = {B9E889FC-81FD-4FCB-89FC-9D45E32AB636}
	EndGlobalSection
EndGlobal
